
Microsoft Visual Studio Solution File, Format Version 12.00
# Visual Studio Version 17
VisualStudioVersion = 17.10.35013.160
MinimumVisualStudioVersion = 10.0.40219.1
Project("{FAE04EC0-301F-11D3-BF4B-00C04F79EFBC}") = "Exam", "Exam\Exam.csproj", "{413F43FE-1546-4EA7-AFC4-CE28349D663D}"
EndProject
Global
	GlobalSection(SolutionConfigurationPlatforms) = preSolution
		Debug|Any CPU = Debug|Any CPU
		Release|Any CPU = Release|Any CPU
	EndGlobalSection
	GlobalSection(ProjectConfigurationPlatforms) = postSolution
		{413F43FE-1546-4EA7-AFC4-CE28349D663D}.Debug|Any CPU.ActiveCfg = Debug|Any CPU
		{413F43FE-1546-4EA7-AFC4-CE28349D663D}.Debug|Any CPU.Build.0 = Debug|Any CPU
		{413F43FE-1546-4EA7-AFC4-CE28349D663D}.Release|Any CPU.ActiveCfg = Release|Any CPU
		{413F43FE-1546-4EA7-AFC4-CE28349D663D}.Release|Any CPU.Build.0 = Release|Any CPU
	EndGlobalSection
	GlobalSection(SolutionProperties) = preSolution
		HideSolutionNode = FALSE
	EndGlobalSection
	GlobalSection(ExtensibilityGlobals) = postSolution
		SolutionGuid = {273537B6-F632-4279-B02E-22CF4E174E4E}
	EndGlobalSection
EndGlobal
